
Microsoft Visual Studio Solution File, Format Version 12.00
# Visual Studio Version 16
VisualStudioVersion = 16.0.31025.194
MinimumVisualStudioVersion = 10.0.40219.1
Project("{9A19103F-16F7-4668-BE54-9A1E7A4F7556}") = "1_Single-Responsability-Principle", "Single-Responsability-Principle\1_Single-Responsability-Principle.csproj", "{DE1D4E93-1EF0-4DDF-B926-65F676D73AA1}"
EndProject
Project("{9A19103F-16F7-4668-BE54-9A1E7A4F7556}") = "ModeloPagamento", "ModeloPagamento\ModeloPagamento.csproj", "{0D95AB04-79C7-46E0-9A4C-006723860894}"
EndProject
Project("{9A19103F-16F7-4668-BE54-9A1E7A4F7556}") = "2_Open-Closed-Principle", "Open-Closed-Principle\2_Open-Closed-Principle.csproj", "{DC523258-1E0F-4A6B-AB46-B69DFDD0E4D4}"
EndProject
Project("{9A19103F-16F7-4668-BE54-9A1E7A4F7556}") = "3_Liskov_Substitution_Principle", "3_Liskov_Substitution_Principle\3_Liskov_Substitution_Principle.csproj", "{88349DC0-47C2-4C07-BD00-6CECD0F193F8}"
EndProject
Project("{FAE04EC0-301F-11D3-BF4B-00C04F79EFBC}") = "4_Interface_Segregation_Principle", "4_Interface_Segregation_Principle\4_Interface_Segregation_Principle.csproj", "{A4B81B59-50A8-489D-B41D-3E3B07459E29}"
EndProject
Global
	GlobalSection(SolutionConfigurationPlatforms) = preSolution
		Debug|Any CPU = Debug|Any CPU
		Release|Any CPU = Release|Any CPU
	EndGlobalSection
	GlobalSection(ProjectConfigurationPlatforms) = postSolution
		{DE1D4E93-1EF0-4DDF-B926-65F676D73AA1}.Debug|Any CPU.ActiveCfg = Debug|Any CPU
		{DE1D4E93-1EF0-4DDF-B926-65F676D73AA1}.Debug|Any CPU.Build.0 = Debug|Any CPU
		{DE1D4E93-1EF0-4DDF-B926-65F676D73AA1}.Release|Any CPU.ActiveCfg = Release|Any CPU
		{DE1D4E93-1EF0-4DDF-B926-65F676D73AA1}.Release|Any CPU.Build.0 = Release|Any CPU
		{0D95AB04-79C7-46E0-9A4C-006723860894}.Debug|Any CPU.ActiveCfg = Debug|Any CPU
		{0D95AB04-79C7-46E0-9A4C-006723860894}.Debug|Any CPU.Build.0 = Debug|Any CPU
		{0D95AB04-79C7-46E0-9A4C-006723860894}.Release|Any CPU.ActiveCfg = Release|Any CPU
		{0D95AB04-79C7-46E0-9A4C-006723860894}.Release|Any CPU.Build.0 = Release|Any CPU
		{DC523258-1E0F-4A6B-AB46-B69DFDD0E4D4}.Debug|Any CPU.ActiveCfg = Debug|Any CPU
		{DC523258-1E0F-4A6B-AB46-B69DFDD0E4D4}.Debug|Any CPU.Build.0 = Debug|Any CPU
		{DC523258-1E0F-4A6B-AB46-B69DFDD0E4D4}.Release|Any CPU.ActiveCfg = Release|Any CPU
		{DC523258-1E0F-4A6B-AB46-B69DFDD0E4D4}.Release|Any CPU.Build.0 = Release|Any CPU
		{88349DC0-47C2-4C07-BD00-6CECD0F193F8}.Debug|Any CPU.ActiveCfg = Debug|Any CPU
		{88349DC0-47C2-4C07-BD00-6CECD0F193F8}.Debug|Any CPU.Build.0 = Debug|Any CPU
		{88349DC0-47C2-4C07-BD00-6CECD0F193F8}.Release|Any CPU.ActiveCfg = Release|Any CPU
		{88349DC0-47C2-4C07-BD00-6CECD0F193F8}.Release|Any CPU.Build.0 = Release|Any CPU
		{A4B81B59-50A8-489D-B41D-3E3B07459E29}.Debug|Any CPU.ActiveCfg = Debug|Any CPU
		{A4B81B59-50A8-489D-B41D-3E3B07459E29}.Debug|Any CPU.Build.0 = Debug|Any CPU
		{A4B81B59-50A8-489D-B41D-3E3B07459E29}.Release|Any CPU.ActiveCfg = Release|Any CPU
		{A4B81B59-50A8-489D-B41D-3E3B07459E29}.Release|Any CPU.Build.0 = Release|Any CPU
	EndGlobalSection
	GlobalSection(SolutionProperties) = preSolution
		HideSolutionNode = FALSE
	EndGlobalSection
	GlobalSection(ExtensibilityGlobals) = postSolution
		SolutionGuid = {B79C360C-2536-4898-A1E5-CFFF5EBA0B66}
	EndGlobalSection
EndGlobal
